// !$*UTF8*$!
{
	archiveVersion = 1;
	classes = {
	};
	objectVersion = 52;
	objects = {

/* Begin PBXBuildFile section */
		451A38D325769382EB609739 /* Pods_RxRetainTest_RxRetainTestTests.framework in Frameworks */ = {isa = PBXBuildFile; fileRef = AD131091798FF55890027932 /* Pods_RxRetainTest_RxRetainTestTests.framework */; };
		D916250823D9CF2D008F2F0C /* NoApparentLeakViewController.swift in Sources */ = {isa = PBXBuildFile; fileRef = D916250723D9CF2D008F2F0C /* NoApparentLeakViewController.swift */; };
		D920495623DADC12008BBCD5 /* Presenter.swift in Sources */ = {isa = PBXBuildFile; fileRef = D920495523DADC12008BBCD5 /* Presenter.swift */; };
		D924E42A23D9CACC001BB906 /* StrongReferenceLeakViewController.swift in Sources */ = {isa = PBXBuildFile; fileRef = D924E42923D9CACC001BB906 /* StrongReferenceLeakViewController.swift */; };
		D924E42E23D9CC32001BB906 /* TakeOneLeakViewController.swift in Sources */ = {isa = PBXBuildFile; fileRef = D924E42D23D9CC32001BB906 /* TakeOneLeakViewController.swift */; };
		D9269FE623D9C6BA00CBFC9B /* AppDelegate.swift in Sources */ = {isa = PBXBuildFile; fileRef = D9269FE523D9C6BA00CBFC9B /* AppDelegate.swift */; };
		D9269FE823D9C6BA00CBFC9B /* SceneDelegate.swift in Sources */ = {isa = PBXBuildFile; fileRef = D9269FE723D9C6BA00CBFC9B /* SceneDelegate.swift */; };
		D9269FED23D9C6BA00CBFC9B /* Main.storyboard in Resources */ = {isa = PBXBuildFile; fileRef = D9269FEB23D9C6BA00CBFC9B /* Main.storyboard */; };
		D9269FEF23D9C6BC00CBFC9B /* Assets.xcassets in Resources */ = {isa = PBXBuildFile; fileRef = D9269FEE23D9C6BC00CBFC9B /* Assets.xcassets */; };
		D9269FF223D9C6BC00CBFC9B /* LaunchScreen.storyboard in Resources */ = {isa = PBXBuildFile; fileRef = D9269FF023D9C6BC00CBFC9B /* LaunchScreen.storyboard */; };
		D9269FFB23D9C6F900CBFC9B /* BuildFile in Frameworks */ = {isa = PBXBuildFile; productRef = D9269FFA23D9C6F900CBFC9B /* SwiftPackageProductDependency */; };
		D9269FFD23D9C6F900CBFC9B /* BuildFile in Frameworks */ = {isa = PBXBuildFile; productRef = D9269FFC23D9C6F900CBFC9B /* SwiftPackageProductDependency */; };
		D926A00123D9CA7A00CBFC9B /* WeakReferenceLeakViewController.swift in Sources */ = {isa = PBXBuildFile; fileRef = D926A00023D9CA7A00CBFC9B /* WeakReferenceLeakViewController.swift */; };
		D9C0BE4323DF414B00A43491 /* RxRetainTestTests.swift in Sources */ = {isa = PBXBuildFile; fileRef = D9C0BE4223DF414B00A43491 /* RxRetainTestTests.swift */; };
		F58A7838E1E609EBB53B5892 /* Pods_RxRetainTest.framework in Frameworks */ = {isa = PBXBuildFile; fileRef = DD9AFEB18EAA7BFB87F55909 /* Pods_RxRetainTest.framework */; };
/* End PBXBuildFile section */

/* Begin PBXContainerItemProxy section */
		D9C0BE4523DF414B00A43491 /* PBXContainerItemProxy */ = {
			isa = PBXContainerItemProxy;
			containerPortal = D9269FDA23D9C6BA00CBFC9B /* Project object */;
			proxyType = 1;
			remoteGlobalIDString = D9269FE123D9C6BA00CBFC9B;
			remoteInfo = RxRetainTest;
		};
/* End PBXContainerItemProxy section */

/* Begin PBXFileReference section */
		738C2EAAEC8F1EC721F395B3 /* Pods-RxRetainTest.release.xcconfig */ = {isa = PBXFileReference; includeInIndex = 1; lastKnownFileType = text.xcconfig; name = "Pods-RxRetainTest.release.xcconfig"; path = "Target Support Files/Pods-RxRetainTest/Pods-RxRetainTest.release.xcconfig"; sourceTree = "<group>"; };
		AD131091798FF55890027932 /* Pods_RxRetainTest_RxRetainTestTests.framework */ = {isa = PBXFileReference; explicitFileType = wrapper.framework; includeInIndex = 0; path = Pods_RxRetainTest_RxRetainTestTests.framework; sourceTree = BUILT_PRODUCTS_DIR; };
		B35D2F6F0845FA316DFED66E /* Pods-RxRetainTest-RxRetainTestTests.release.xcconfig */ = {isa = PBXFileReference; includeInIndex = 1; lastKnownFileType = text.xcconfig; name = "Pods-RxRetainTest-RxRetainTestTests.release.xcconfig"; path = "Target Support Files/Pods-RxRetainTest-RxRetainTestTests/Pods-RxRetainTest-RxRetainTestTests.release.xcconfig"; sourceTree = "<group>"; };
		D916250723D9CF2D008F2F0C /* NoApparentLeakViewController.swift */ = {isa = PBXFileReference; fileEncoding = 4; lastKnownFileType = sourcecode.swift; path = NoApparentLeakViewController.swift; sourceTree = "<group>"; };
		D920495523DADC12008BBCD5 /* Presenter.swift */ = {isa = PBXFileReference; lastKnownFileType = sourcecode.swift; path = Presenter.swift; sourceTree = "<group>"; };
		D924E42923D9CACC001BB906 /* StrongReferenceLeakViewController.swift */ = {isa = PBXFileReference; lastKnownFileType = sourcecode.swift; path = StrongReferenceLeakViewController.swift; sourceTree = "<group>"; };
		D924E42D23D9CC32001BB906 /* TakeOneLeakViewController.swift */ = {isa = PBXFileReference; lastKnownFileType = sourcecode.swift; path = TakeOneLeakViewController.swift; sourceTree = "<group>"; };
		D9269FE223D9C6BA00CBFC9B /* RxRetainTest.app */ = {isa = PBXFileReference; explicitFileType = wrapper.application; includeInIndex = 0; path = RxRetainTest.app; sourceTree = BUILT_PRODUCTS_DIR; };
		D9269FE523D9C6BA00CBFC9B /* AppDelegate.swift */ = {isa = PBXFileReference; lastKnownFileType = sourcecode.swift; path = AppDelegate.swift; sourceTree = "<group>"; };
		D9269FE723D9C6BA00CBFC9B /* SceneDelegate.swift */ = {isa = PBXFileReference; lastKnownFileType = sourcecode.swift; path = SceneDelegate.swift; sourceTree = "<group>"; };
		D9269FEC23D9C6BA00CBFC9B /* Base */ = {isa = PBXFileReference; lastKnownFileType = file.storyboard; name = Base; path = Base.lproj/Main.storyboard; sourceTree = "<group>"; };
		D9269FEE23D9C6BC00CBFC9B /* Assets.xcassets */ = {isa = PBXFileReference; lastKnownFileType = folder.assetcatalog; path = Assets.xcassets; sourceTree = "<group>"; };
		D9269FF123D9C6BC00CBFC9B /* Base */ = {isa = PBXFileReference; lastKnownFileType = file.storyboard; name = Base; path = Base.lproj/LaunchScreen.storyboard; sourceTree = "<group>"; };
		D9269FF323D9C6BC00CBFC9B /* Info.plist */ = {isa = PBXFileReference; lastKnownFileType = text.plist.xml; path = Info.plist; sourceTree = "<group>"; };
		D926A00023D9CA7A00CBFC9B /* WeakReferenceLeakViewController.swift */ = {isa = PBXFileReference; fileEncoding = 4; lastKnownFileType = sourcecode.swift; path = WeakReferenceLeakViewController.swift; sourceTree = "<group>"; };
		D9C0BE4023DF414B00A43491 /* RxRetainTestTests.xctest */ = {isa = PBXFileReference; explicitFileType = wrapper.cfbundle; includeInIndex = 0; path = RxRetainTestTests.xctest; sourceTree = BUILT_PRODUCTS_DIR; };
		D9C0BE4223DF414B00A43491 /* RxRetainTestTests.swift */ = {isa = PBXFileReference; lastKnownFileType = sourcecode.swift; path = RxRetainTestTests.swift; sourceTree = "<group>"; };
		D9C0BE4423DF414B00A43491 /* Info.plist */ = {isa = PBXFileReference; lastKnownFileType = text.plist.xml; path = Info.plist; sourceTree = "<group>"; };
		DD9AFEB18EAA7BFB87F55909 /* Pods_RxRetainTest.framework */ = {isa = PBXFileReference; explicitFileType = wrapper.framework; includeInIndex = 0; path = Pods_RxRetainTest.framework; sourceTree = BUILT_PRODUCTS_DIR; };
		E64112FAABDA22C45496A157 /* Pods-RxRetainTest.debug.xcconfig */ = {isa = PBXFileReference; includeInIndex = 1; lastKnownFileType = text.xcconfig; name = "Pods-RxRetainTest.debug.xcconfig"; path = "Target Support Files/Pods-RxRetainTest/Pods-RxRetainTest.debug.xcconfig"; sourceTree = "<group>"; };
		EE5A8419FD586390C446078A /* Pods-RxRetainTest-RxRetainTestTests.debug.xcconfig */ = {isa = PBXFileReference; includeInIndex = 1; lastKnownFileType = text.xcconfig; name = "Pods-RxRetainTest-RxRetainTestTests.debug.xcconfig"; path = "Target Support Files/Pods-RxRetainTest-RxRetainTestTests/Pods-RxRetainTest-RxRetainTestTests.debug.xcconfig"; sourceTree = "<group>"; };
/* End PBXFileReference section */

/* Begin PBXFrameworksBuildPhase section */
		D9269FDF23D9C6BA00CBFC9B /* Frameworks */ = {
			isa = PBXFrameworksBuildPhase;
			buildActionMask = 2147483647;
			files = (
				D9269FFD23D9C6F900CBFC9B /* BuildFile in Frameworks */,
				D9269FFB23D9C6F900CBFC9B /* BuildFile in Frameworks */,
				F58A7838E1E609EBB53B5892 /* Pods_RxRetainTest.framework in Frameworks */,
			);
			runOnlyForDeploymentPostprocessing = 0;
		};
		D9C0BE3D23DF414B00A43491 /* Frameworks */ = {
			isa = PBXFrameworksBuildPhase;
			buildActionMask = 2147483647;
			files = (
				451A38D325769382EB609739 /* Pods_RxRetainTest_RxRetainTestTests.framework in Frameworks */,
			);
			runOnlyForDeploymentPostprocessing = 0;
		};
/* End PBXFrameworksBuildPhase section */

/* Begin PBXGroup section */
		1C127A5E1FECC487076A1A79 /* Frameworks */ = {
			isa = PBXGroup;
			children = (
				DD9AFEB18EAA7BFB87F55909 /* Pods_RxRetainTest.framework */,
				AD131091798FF55890027932 /* Pods_RxRetainTest_RxRetainTestTests.framework */,
			);
			name = Frameworks;
			sourceTree = "<group>";
		};
		B018184567A09E38FA18E244 /* Pods */ = {
			isa = PBXGroup;
			children = (
				E64112FAABDA22C45496A157 /* Pods-RxRetainTest.debug.xcconfig */,
				738C2EAAEC8F1EC721F395B3 /* Pods-RxRetainTest.release.xcconfig */,
				EE5A8419FD586390C446078A /* Pods-RxRetainTest-RxRetainTestTests.debug.xcconfig */,
				B35D2F6F0845FA316DFED66E /* Pods-RxRetainTest-RxRetainTestTests.release.xcconfig */,
			);
			path = Pods;
			sourceTree = "<group>";
		};
		D924E43123D9CEC6001BB906 /* ViewControllers */ = {
			isa = PBXGroup;
			children = (
				D916250723D9CF2D008F2F0C /* NoApparentLeakViewController.swift */,
				D926A00023D9CA7A00CBFC9B /* WeakReferenceLeakViewController.swift */,
				D924E42923D9CACC001BB906 /* StrongReferenceLeakViewController.swift */,
				D924E42D23D9CC32001BB906 /* TakeOneLeakViewController.swift */,
			);
			path = ViewControllers;
			sourceTree = "<group>";
		};
		D9269FD923D9C6BA00CBFC9B = {
			isa = PBXGroup;
			children = (
				D9269FE423D9C6BA00CBFC9B /* RxRetainTest */,
				D9C0BE4123DF414B00A43491 /* RxRetainTestTests */,
				D9269FE323D9C6BA00CBFC9B /* Products */,
				B018184567A09E38FA18E244 /* Pods */,
				1C127A5E1FECC487076A1A79 /* Frameworks */,
			);
			sourceTree = "<group>";
		};
		D9269FE323D9C6BA00CBFC9B /* Products */ = {
			isa = PBXGroup;
			children = (
				D9269FE223D9C6BA00CBFC9B /* RxRetainTest.app */,
				D9C0BE4023DF414B00A43491 /* RxRetainTestTests.xctest */,
			);
			name = Products;
			sourceTree = "<group>";
		};
		D9269FE423D9C6BA00CBFC9B /* RxRetainTest */ = {
			isa = PBXGroup;
			children = (
				D9269FE523D9C6BA00CBFC9B /* AppDelegate.swift */,
				D9269FE723D9C6BA00CBFC9B /* SceneDelegate.swift */,
				D9269FEB23D9C6BA00CBFC9B /* Main.storyboard */,
				D9269FEE23D9C6BC00CBFC9B /* Assets.xcassets */,
				D9269FF023D9C6BC00CBFC9B /* LaunchScreen.storyboard */,
				D9269FF323D9C6BC00CBFC9B /* Info.plist */,
				D920495523DADC12008BBCD5 /* Presenter.swift */,
				D924E43123D9CEC6001BB906 /* ViewControllers */,
			);
			path = RxRetainTest;
			sourceTree = "<group>";
		};
		D9C0BE4123DF414B00A43491 /* RxRetainTestTests */ = {
			isa = PBXGroup;
			children = (
				D9C0BE4223DF414B00A43491 /* RxRetainTestTests.swift */,
				D9C0BE4423DF414B00A43491 /* Info.plist */,
			);
			path = RxRetainTestTests;
			sourceTree = "<group>";
		};
/* End PBXGroup section */

/* Begin PBXNativeTarget section */
		D9269FE123D9C6BA00CBFC9B /* RxRetainTest */ = {
			isa = PBXNativeTarget;
			buildConfigurationList = D9269FF623D9C6BC00CBFC9B /* Build configuration list for PBXNativeTarget "RxRetainTest" */;
			buildPhases = (
				353682C97ED0CF0B4051CF30 /* [CP] Check Pods Manifest.lock */,
				D9269FDE23D9C6BA00CBFC9B /* Sources */,
				D9269FDF23D9C6BA00CBFC9B /* Frameworks */,
				D9269FE023D9C6BA00CBFC9B /* Resources */,
				DA0EE9FEF353D101634BD2C0 /* [CP] Embed Pods Frameworks */,
			);
			buildRules = (
			);
			dependencies = (
			);
			name = RxRetainTest;
			packageProductDependencies = (
				D9269FFA23D9C6F900CBFC9B /* SwiftPackageProductDependency */,
				D9269FFC23D9C6F900CBFC9B /* SwiftPackageProductDependency */,
			);
			productName = RxRetainTest;
			productReference = D9269FE223D9C6BA00CBFC9B /* RxRetainTest.app */;
			productType = "com.apple.product-type.application";
		};
		D9C0BE3F23DF414B00A43491 /* RxRetainTestTests */ = {
			isa = PBXNativeTarget;
			buildConfigurationList = D9C0BE4923DF414B00A43491 /* Build configuration list for PBXNativeTarget "RxRetainTestTests" */;
			buildPhases = (
				9E33E144AEF3C63BE8829506 /* [CP] Check Pods Manifest.lock */,
				D9C0BE3C23DF414B00A43491 /* Sources */,
				D9C0BE3D23DF414B00A43491 /* Frameworks */,
				D9C0BE3E23DF414B00A43491 /* Resources */,
				69319AB1FA590CD6887DFE8B /* [CP] Embed Pods Frameworks */,
			);
			buildRules = (
			);
			dependencies = (
				D9C0BE4623DF414B00A43491 /* PBXTargetDependency */,
			);
			name = RxRetainTestTests;
			productName = RxRetainTestTests;
			productReference = D9C0BE4023DF414B00A43491 /* RxRetainTestTests.xctest */;
			productType = "com.apple.product-type.bundle.unit-test";
		};
/* End PBXNativeTarget section */

/* Begin PBXProject section */
		D9269FDA23D9C6BA00CBFC9B /* Project object */ = {
			isa = PBXProject;
			attributes = {
				LastSwiftUpdateCheck = 1130;
				LastUpgradeCheck = 1130;
				ORGANIZATIONNAME = "Sergio Baro";
				TargetAttributes = {
					D9269FE123D9C6BA00CBFC9B = {
						CreatedOnToolsVersion = 11.3;
					};
					D9C0BE3F23DF414B00A43491 = {
						CreatedOnToolsVersion = 11.3;
						TestTargetID = D9269FE123D9C6BA00CBFC9B;
					};
				};
			};
			buildConfigurationList = D9269FDD23D9C6BA00CBFC9B /* Build configuration list for PBXProject "RxRetainTest" */;
			compatibilityVersion = "Xcode 9.3";
			developmentRegion = en;
			hasScannedForEncodings = 0;
			knownRegions = (
				en,
				Base,
			);
			mainGroup = D9269FD923D9C6BA00CBFC9B;
			packageReferences = (
				D9269FF923D9C6F900CBFC9B /* RemoteSwiftPackageReference */,
			);
			productRefGroup = D9269FE323D9C6BA00CBFC9B /* Products */;
			projectDirPath = "";
			projectRoot = "";
			targets = (
				D9269FE123D9C6BA00CBFC9B /* RxRetainTest */,
				D9C0BE3F23DF414B00A43491 /* RxRetainTestTests */,
			);
		};
/* End PBXProject section */

/* Begin PBXResourcesBuildPhase section */
		D9269FE023D9C6BA00CBFC9B /* Resources */ = {
			isa = PBXResourcesBuildPhase;
			buildActionMask = 2147483647;
			files = (
				D9269FF223D9C6BC00CBFC9B /* LaunchScreen.storyboard in Resources */,
				D9269FEF23D9C6BC00CBFC9B /* Assets.xcassets in Resources */,
				D9269FED23D9C6BA00CBFC9B /* Main.storyboard in Resources */,
			);
			runOnlyForDeploymentPostprocessing = 0;
		};
		D9C0BE3E23DF414B00A43491 /* Resources */ = {
			isa = PBXResourcesBuildPhase;
			buildActionMask = 2147483647;
			files = (
			);
			runOnlyForDeploymentPostprocessing = 0;
		};
/* End PBXResourcesBuildPhase section */

/* Begin PBXShellScriptBuildPhase section */
		353682C97ED0CF0B4051CF30 /* [CP] Check Pods Manifest.lock */ = {
			isa = PBXShellScriptBuildPhase;
			buildActionMask = 2147483647;
			files = (
			);
			inputFileListPaths = (
			);
			inputPaths = (
				"${PODS_PODFILE_DIR_PATH}/Podfile.lock",
				"${PODS_ROOT}/Manifest.lock",
			);
			name = "[CP] Check Pods Manifest.lock";
			outputFileListPaths = (
			);
			outputPaths = (
				"$(DERIVED_FILE_DIR)/Pods-RxRetainTest-checkManifestLockResult.txt",
			);
			runOnlyForDeploymentPostprocessing = 0;
			shellPath = /bin/sh;
			shellScript = "diff \"${PODS_PODFILE_DIR_PATH}/Podfile.lock\" \"${PODS_ROOT}/Manifest.lock\" > /dev/null\nif [ $? != 0 ] ; then\n    # print error to STDERR\n    echo \"error: The sandbox is not in sync with the Podfile.lock. Run 'pod install' or update your CocoaPods installation.\" >&2\n    exit 1\nfi\n# This output is used by Xcode 'outputs' to avoid re-running this script phase.\necho \"SUCCESS\" > \"${SCRIPT_OUTPUT_FILE_0}\"\n";
			showEnvVarsInLog = 0;
		};
		69319AB1FA590CD6887DFE8B /* [CP] Embed Pods Frameworks */ = {
			isa = PBXShellScriptBuildPhase;
			buildActionMask = 2147483647;
			files = (
			);
			inputFileListPaths = (
				"${PODS_ROOT}/Target Support Files/Pods-RxRetainTest-RxRetainTestTests/Pods-RxRetainTest-RxRetainTestTests-frameworks-${CONFIGURATION}-input-files.xcfilelist",
			);
			name = "[CP] Embed Pods Frameworks";
			outputFileListPaths = (
				"${PODS_ROOT}/Target Support Files/Pods-RxRetainTest-RxRetainTestTests/Pods-RxRetainTest-RxRetainTestTests-frameworks-${CONFIGURATION}-output-files.xcfilelist",
			);
			runOnlyForDeploymentPostprocessing = 0;
			shellPath = /bin/sh;
			shellScript = "\"${PODS_ROOT}/Target Support Files/Pods-RxRetainTest-RxRetainTestTests/Pods-RxRetainTest-RxRetainTestTests-frameworks.sh\"\n";
			showEnvVarsInLog = 0;
		};
		9E33E144AEF3C63BE8829506 /* [CP] Check Pods Manifest.lock */ = {
			isa = PBXShellScriptBuildPhase;
			buildActionMask = 2147483647;
			files = (
			);
			inputFileListPaths = (
			);
			inputPaths = (
				"${PODS_PODFILE_DIR_PATH}/Podfile.lock",
				"${PODS_ROOT}/Manifest.lock",
			);
			name = "[CP] Check Pods Manifest.lock";
			outputFileListPaths = (
			);
			outputPaths = (
				"$(DERIVED_FILE_DIR)/Pods-RxRetainTest-RxRetainTestTests-checkManifestLockResult.txt",
			);
			runOnlyForDeploymentPostprocessing = 0;
			shellPath = /bin/sh;
			shellScript = "diff \"${PODS_PODFILE_DIR_PATH}/Podfile.lock\" \"${PODS_ROOT}/Manifest.lock\" > /dev/null\nif [ $? != 0 ] ; then\n    # print error to STDERR\n    echo \"error: The sandbox is not in sync with the Podfile.lock. Run 'pod install' or update your CocoaPods installation.\" >&2\n    exit 1\nfi\n# This output is used by Xcode 'outputs' to avoid re-running this script phase.\necho \"SUCCESS\" > \"${SCRIPT_OUTPUT_FILE_0}\"\n";
			showEnvVarsInLog = 0;
		};
		DA0EE9FEF353D101634BD2C0 /* [CP] Embed Pods Frameworks */ = {
			isa = PBXShellScriptBuildPhase;
			buildActionMask = 2147483647;
			files = (
			);
			inputFileListPaths = (
				"${PODS_ROOT}/Target Support Files/Pods-RxRetainTest/Pods-RxRetainTest-frameworks-${CONFIGURATION}-input-files.xcfilelist",
			);
			name = "[CP] Embed Pods Frameworks";
			outputFileListPaths = (
				"${PODS_ROOT}/Target Support Files/Pods-RxRetainTest/Pods-RxRetainTest-frameworks-${CONFIGURATION}-output-files.xcfilelist",
			);
			runOnlyForDeploymentPostprocessing = 0;
			shellPath = /bin/sh;
			shellScript = "\"${PODS_ROOT}/Target Support Files/Pods-RxRetainTest/Pods-RxRetainTest-frameworks.sh\"\n";
			showEnvVarsInLog = 0;
		};
/* End PBXShellScriptBuildPhase section */

/* Begin PBXSourcesBuildPhase section */
		D9269FDE23D9C6BA00CBFC9B /* Sources */ = {
			isa = PBXSourcesBuildPhase;
			buildActionMask = 2147483647;
			files = (
				D9269FE623D9C6BA00CBFC9B /* AppDelegate.swift in Sources */,
				D916250823D9CF2D008F2F0C /* NoApparentLeakViewController.swift in Sources */,
				D920495623DADC12008BBCD5 /* Presenter.swift in Sources */,
				D9269FE823D9C6BA00CBFC9B /* SceneDelegate.swift in Sources */,
				D926A00123D9CA7A00CBFC9B /* WeakReferenceLeakViewController.swift in Sources */,
				D924E42E23D9CC32001BB906 /* TakeOneLeakViewController.swift in Sources */,
				D924E42A23D9CACC001BB906 /* StrongReferenceLeakViewController.swift in Sources */,
			);
			runOnlyForDeploymentPostprocessing = 0;
		};
		D9C0BE3C23DF414B00A43491 /* Sources */ = {
			isa = PBXSourcesBuildPhase;
			buildActionMask = 2147483647;
			files = (
				D9C0BE4323DF414B00A43491 /* RxRetainTestTests.swift in Sources */,
			);
			runOnlyForDeploymentPostprocessing = 0;
		};
/* End PBXSourcesBuildPhase section */

/* Begin PBXTargetDependency section */
		D9C0BE4623DF414B00A43491 /* PBXTargetDependency */ = {
			isa = PBXTargetDependency;
			target = D9269FE123D9C6BA00CBFC9B /* RxRetainTest */;
			targetProxy = D9C0BE4523DF414B00A43491 /* PBXContainerItemProxy */;
		};
/* End PBXTargetDependency section */

/* Begin PBXVariantGroup section */
		D9269FEB23D9C6BA00CBFC9B /* Main.storyboard */ = {
			isa = PBXVariantGroup;
			children = (
				D9269FEC23D9C6BA00CBFC9B /* Base */,
			);
			name = Main.storyboard;
			sourceTree = "<group>";
		};
		D9269FF023D9C6BC00CBFC9B /* LaunchScreen.storyboard */ = {
			isa = PBXVariantGroup;
			children = (
				D9269FF123D9C6BC00CBFC9B /* Base */,
			);
			name = LaunchScreen.storyboard;
			sourceTree = "<group>";
		};
/* End PBXVariantGroup section */

/* Begin XCBuildConfiguration section */
		D9269FF423D9C6BC00CBFC9B /* Debug */ = {
			isa = XCBuildConfiguration;
			buildSettings = {
				ALWAYS_SEARCH_USER_PATHS = NO;
				CLANG_ANALYZER_NONNULL = YES;
				CLANG_ANALYZER_NUMBER_OBJECT_CONVERSION = YES_AGGRESSIVE;
				CLANG_CXX_LANGUAGE_STANDARD = "gnu++14";
				CLANG_CXX_LIBRARY = "libc++";
				CLANG_ENABLE_MODULES = YES;
				CLANG_ENABLE_OBJC_ARC = YES;
				CLANG_ENABLE_OBJC_WEAK = YES;
				CLANG_WARN_BLOCK_CAPTURE_AUTORELEASING = YES;
				CLANG_WARN_BOOL_CONVERSION = YES;
				CLANG_WARN_COMMA = YES;
				CLANG_WARN_CONSTANT_CONVERSION = YES;
				CLANG_WARN_DEPRECATED_OBJC_IMPLEMENTATIONS = YES;
				CLANG_WARN_DIRECT_OBJC_ISA_USAGE = YES_ERROR;
				CLANG_WARN_DOCUMENTATION_COMMENTS = YES;
				CLANG_WARN_EMPTY_BODY = YES;
				CLANG_WARN_ENUM_CONVERSION = YES;
				CLANG_WARN_INFINITE_RECURSION = YES;
				CLANG_WARN_INT_CONVERSION = YES;
				CLANG_WARN_NON_LITERAL_NULL_CONVERSION = YES;
				CLANG_WARN_OBJC_IMPLICIT_RETAIN_SELF = YES;
				CLANG_WARN_OBJC_LITERAL_CONVERSION = YES;
				CLANG_WARN_OBJC_ROOT_CLASS = YES_ERROR;
				CLANG_WARN_RANGE_LOOP_ANALYSIS = YES;
				CLANG_WARN_STRICT_PROTOTYPES = YES;
				CLANG_WARN_SUSPICIOUS_MOVE = YES;
				CLANG_WARN_UNGUARDED_AVAILABILITY = YES_AGGRESSIVE;
				CLANG_WARN_UNREACHABLE_CODE = YES;
				CLANG_WARN__DUPLICATE_METHOD_MATCH = YES;
				COPY_PHASE_STRIP = NO;
				DEBUG_INFORMATION_FORMAT = dwarf;
				ENABLE_STRICT_OBJC_MSGSEND = YES;
				ENABLE_TESTABILITY = YES;
				GCC_C_LANGUAGE_STANDARD = gnu11;
				GCC_DYNAMIC_NO_PIC = NO;
				GCC_NO_COMMON_BLOCKS = YES;
				GCC_OPTIMIZATION_LEVEL = 0;
				GCC_PREPROCESSOR_DEFINITIONS = (
					"DEBUG=1",
					"$(inherited)",
				);
				GCC_WARN_64_TO_32_BIT_CONVERSION = YES;
				GCC_WARN_ABOUT_RETURN_TYPE = YES_ERROR;
				GCC_WARN_UNDECLARED_SELECTOR = YES;
				GCC_WARN_UNINITIALIZED_AUTOS = YES_AGGRESSIVE;
				GCC_WARN_UNUSED_FUNCTION = YES;
				GCC_WARN_UNUSED_VARIABLE = YES;
				IPHONEOS_DEPLOYMENT_TARGET = 13.2;
				MTL_ENABLE_DEBUG_INFO = INCLUDE_SOURCE;
				MTL_FAST_MATH = YES;
				ONLY_ACTIVE_ARCH = YES;
				SDKROOT = iphoneos;
				SWIFT_ACTIVE_COMPILATION_CONDITIONS = DEBUG;
				SWIFT_OPTIMIZATION_LEVEL = "-Onone";
			};
			name = Debug;
		};
		D9269FF523D9C6BC00CBFC9B /* Release */ = {
			isa = XCBuildConfiguration;
			buildSettings = {
				ALWAYS_SEARCH_USER_PATHS = NO;
				CLANG_ANALYZER_NONNULL = YES;
				CLANG_ANALYZER_NUMBER_OBJECT_CONVERSION = YES_AGGRESSIVE;
				CLANG_CXX_LANGUAGE_STANDARD = "gnu++14";
				CLANG_CXX_LIBRARY = "libc++";
				CLANG_ENABLE_MODULES = YES;
				CLANG_ENABLE_OBJC_ARC = YES;
				CLANG_ENABLE_OBJC_WEAK = YES;
				CLANG_WARN_BLOCK_CAPTURE_AUTORELEASING = YES;
				CLANG_WARN_BOOL_CONVERSION = YES;
				CLANG_WARN_COMMA = YES;
				CLANG_WARN_CONSTANT_CONVERSION = YES;
				CLANG_WARN_DEPRECATED_OBJC_IMPLEMENTATIONS = YES;
				CLANG_WARN_DIRECT_OBJC_ISA_USAGE = YES_ERROR;
				CLANG_WARN_DOCUMENTATION_COMMENTS = YES;
				CLANG_WARN_EMPTY_BODY = YES;
				CLANG_WARN_ENUM_CONVERSION = YES;
				CLANG_WARN_INFINITE_RECURSION = YES;
				CLANG_WARN_INT_CONVERSION = YES;
				CLANG_WARN_NON_LITERAL_NULL_CONVERSION = YES;
				CLANG_WARN_OBJC_IMPLICIT_RETAIN_SELF = YES;
				CLANG_WARN_OBJC_LITERAL_CONVERSION = YES;
				CLANG_WARN_OBJC_ROOT_CLASS = YES_ERROR;
				CLANG_WARN_RANGE_LOOP_ANALYSIS = YES;
				CLANG_WARN_STRICT_PROTOTYPES = YES;
				CLANG_WARN_SUSPICIOUS_MOVE = YES;
				CLANG_WARN_UNGUARDED_AVAILABILITY = YES_AGGRESSIVE;
				CLANG_WARN_UNREACHABLE_CODE = YES;
				CLANG_WARN__DUPLICATE_METHOD_MATCH = YES;
				COPY_PHASE_STRIP = NO;
				DEBUG_INFORMATION_FORMAT = "dwarf-with-dsym";
				ENABLE_NS_ASSERTIONS = NO;
				ENABLE_STRICT_OBJC_MSGSEND = YES;
				GCC_C_LANGUAGE_STANDARD = gnu11;
				GCC_NO_COMMON_BLOCKS = YES;
				GCC_WARN_64_TO_32_BIT_CONVERSION = YES;
				GCC_WARN_ABOUT_RETURN_TYPE = YES_ERROR;
				GCC_WARN_UNDECLARED_SELECTOR = YES;
				GCC_WARN_UNINITIALIZED_AUTOS = YES_AGGRESSIVE;
				GCC_WARN_UNUSED_FUNCTION = YES;
				GCC_WARN_UNUSED_VARIABLE = YES;
				IPHONEOS_DEPLOYMENT_TARGET = 13.2;
				MTL_ENABLE_DEBUG_INFO = NO;
				MTL_FAST_MATH = YES;
				SDKROOT = iphoneos;
				SWIFT_COMPILATION_MODE = wholemodule;
				SWIFT_OPTIMIZATION_LEVEL = "-O";
				VALIDATE_PRODUCT = YES;
			};
			name = Release;
		};
		D9269FF723D9C6BC00CBFC9B /* Debug */ = {
			isa = XCBuildConfiguration;
			baseConfigurationReference = E64112FAABDA22C45496A157 /* Pods-RxRetainTest.debug.xcconfig */;
			buildSettings = {
				ASSETCATALOG_COMPILER_APPICON_NAME = AppIcon;
				CODE_SIGN_STYLE = Automatic;
				INFOPLIST_FILE = RxRetainTest/Info.plist;
				LD_RUNPATH_SEARCH_PATHS = (
					"$(inherited)",
					"@executable_path/Frameworks",
				);
				PRODUCT_BUNDLE_IDENTIFIER = com.innocv.RxRetainTest;
				PRODUCT_NAME = "$(TARGET_NAME)";
				SWIFT_VERSION = 5.0;
				TARGETED_DEVICE_FAMILY = 1;
			};
			name = Debug;
		};
		D9269FF823D9C6BC00CBFC9B /* Release */ = {
			isa = XCBuildConfiguration;
			baseConfigurationReference = 738C2EAAEC8F1EC721F395B3 /* Pods-RxRetainTest.release.xcconfig */;
			buildSettings = {
				ASSETCATALOG_COMPILER_APPICON_NAME = AppIcon;
				CODE_SIGN_STYLE = Automatic;
				INFOPLIST_FILE = RxRetainTest/Info.plist;
				LD_RUNPATH_SEARCH_PATHS = (
					"$(inherited)",
					"@executable_path/Frameworks",
				);
				PRODUCT_BUNDLE_IDENTIFIER = com.innocv.RxRetainTest;
				PRODUCT_NAME = "$(TARGET_NAME)";
				SWIFT_VERSION = 5.0;
				TARGETED_DEVICE_FAMILY = 1;
			};
			name = Release;
		};
		D9C0BE4723DF414B00A43491 /* Debug */ = {
			isa = XCBuildConfiguration;
			baseConfigurationReference = EE5A8419FD586390C446078A /* Pods-RxRetainTest-RxRetainTestTests.debug.xcconfig */;
			buildSettings = {
				BUNDLE_LOADER = "$(TEST_HOST)";
				CODE_SIGN_STYLE = Automatic;
				INFOPLIST_FILE = RxRetainTestTests/Info.plist;
				LD_RUNPATH_SEARCH_PATHS = (
					"$(inherited)",
					"@executable_path/Frameworks",
					"@loader_path/Frameworks",
				);
				PRODUCT_BUNDLE_IDENTIFIER = com.innocv.RxRetainTestTests;
				PRODUCT_NAME = "$(TARGET_NAME)";
				SWIFT_VERSION = 5.0;
				TARGETED_DEVICE_FAMILY = "1,2";
				TEST_HOST = "$(BUILT_PRODUCTS_DIR)/RxRetainTest.app/RxRetainTest";
			};
			name = Debug;
		};
		D9C0BE4823DF414B00A43491 /* Release */ = {
			isa = XCBuildConfiguration;
			baseConfigurationReference = B35D2F6F0845FA316DFED66E /* Pods-RxRetainTest-RxRetainTestTests.release.xcconfig */;
			buildSettings = {
				BUNDLE_LOADER = "$(TEST_HOST)";
				CODE_SIGN_STYLE = Automatic;
				INFOPLIST_FILE = RxRetainTestTests/Info.plist;
				LD_RUNPATH_SEARCH_PATHS = (
					"$(inherited)",
					"@executable_path/Frameworks",
					"@loader_path/Frameworks",
				);
				PRODUCT_BUNDLE_IDENTIFIER = com.innocv.RxRetainTestTests;
				PRODUCT_NAME = "$(TARGET_NAME)";
				SWIFT_VERSION = 5.0;
				TARGETED_DEVICE_FAMILY = "1,2";
				TEST_HOST = "$(BUILT_PRODUCTS_DIR)/RxRetainTest.app/RxRetainTest";
			};
			name = Release;
		};
/* End XCBuildConfiguration section */

/* Begin XCConfigurationList section */
		D9269FDD23D9C6BA00CBFC9B /* Build configuration list for PBXProject "RxRetainTest" */ = {
			isa = XCConfigurationList;
			buildConfigurations = (
				D9269FF423D9C6BC00CBFC9B /* Debug */,
				D9269FF523D9C6BC00CBFC9B /* Release */,
			);
			defaultConfigurationIsVisible = 0;
			defaultConfigurationName = Release;
		};
		D9269FF623D9C6BC00CBFC9B /* Build configuration list for PBXNativeTarget "RxRetainTest" */ = {
			isa = XCConfigurationList;
			buildConfigurations = (
				D9269FF723D9C6BC00CBFC9B /* Debug */,
				D9269FF823D9C6BC00CBFC9B /* Release */,
			);
			defaultConfigurationIsVisible = 0;
			defaultConfigurationName = Release;
		};
		D9C0BE4923DF414B00A43491 /* Build configuration list for PBXNativeTarget "RxRetainTestTests" */ = {
			isa = XCConfigurationList;
			buildConfigurations = (
				D9C0BE4723DF414B00A43491 /* Debug */,
				D9C0BE4823DF414B00A43491 /* Release */,
			);
			defaultConfigurationIsVisible = 0;
			defaultConfigurationName = Release;
		};
/* End XCConfigurationList section */

/* Begin XCRemoteSwiftPackageReference section */
		D9269FF923D9C6F900CBFC9B /* RemoteSwiftPackageReference */ = {
			isa = XCRemoteSwiftPackageReference;
			repositoryURL = "https://github.com/ReactiveX/RxSwift";
			requirement = {
				kind = upToNextMajorVersion;
				minimumVersion = 5.0.1;
			};
		};
/* End XCRemoteSwiftPackageReference section */

/* Begin XCSwiftPackageProductDependency section */
		D9269FFA23D9C6F900CBFC9B /* SwiftPackageProductDependency */ = {
			isa = XCSwiftPackageProductDependency;
			package = D9269FF923D9C6F900CBFC9B /* RemoteSwiftPackageReference */;
			productName = RxSwift;
		};
		D9269FFC23D9C6F900CBFC9B /* SwiftPackageProductDependency */ = {
			isa = XCSwiftPackageProductDependency;
			package = D9269FF923D9C6F900CBFC9B /* RemoteSwiftPackageReference */;
			productName = RxCocoa;
		};
/* End XCSwiftPackageProductDependency section */
	};
	rootObject = D9269FDA23D9C6BA00CBFC9B /* Project object */;
}
